{
  "name": "react-native-cloud-fs",
  "version": "0.1.0",
  "lockfileVersion": 1,
  "requires": true,
  "dependencies": {
    "@react-native-google-signin/google-signin": {
      "version": "6.0.0",
      "resolved": "https://registry.npmjs.org/@react-native-google-signin/google-signin/-/google-signin-6.0.0.tgz",
      "integrity": "sha512-xmrrG2muhwmoPy9AdfP+ceLBZtnrXkZwgN/jR5u3xOHadyerJfvD76w2BSmm7zeoiMB1wwSkZkzFSa9+i1BdKA=="
    },
    "base-64": {
      "version": "0.1.0",
      "resolved": "https://registry.npmjs.org/base-64/-/base-64-0.1.0.tgz",
      "integrity": "sha1-eAqZyE59YAJgNhURxId2E78k9rs="
    },
    "react-native-fs": {
      "version": "2.16.6",
      "resolved": "https://registry.npmjs.org/react-native-fs/-/react-native-fs-2.16.6.tgz",
      "integrity": "sha512-ZWOooD1AuFoAGY3HS2GY7Qx2LZo4oIg6AK0wbC68detxwvX75R/q9lRqThXNKP6vIo2VHWa0fYUo/SrLw80E8w==",
      "requires": {
        "base-64": "^0.1.0",
        "utf8": "^3.0.0"
      }
    },
    "react-native-google-drive-api-wrapper": {
      "version": "1.4.0",
      "resolved": "https://registry.npmjs.org/react-native-google-drive-api-wrapper/-/react-native-google-drive-api-wrapper-1.4.0.tgz",
      "integrity": "sha512-xorRIoB9v8s+T6YTojd2tpTP2EXJh835MEEMNgV9JfkTnPCwr5lnwllM7cCgMwmawq0g3H0LpZJopULDqaF+IQ==",
      "requires": {
        "react-native-fs": "^2.16.6",
        "simple-common-utils": "^2.2.0"
      }
    },
    "simple-common-utils": {
      "version": "2.2.0",
      "resolved": "https://registry.npmjs.org/simple-common-utils/-/simple-common-utils-2.2.0.tgz",
      "integrity": "sha512-ffTqWrTO0U2/V5exLTl3ex/3Wt15dzhaD2vN0+EBUGx98OI0h6V6Y1qAEm4hyATwuVFU+Q3jewW2hAtFVN39kg=="
    },
    "utf8": {
      "version": "3.0.0",
      "resolved": "https://registry.npmjs.org/utf8/-/utf8-3.0.0.tgz",
      "integrity": "sha512-E8VjFIQ/TyQgp+TZfS6l8yp/xWppSAHzidGiRrqe4bK4XP9pTRyKFgGJpO3SN7zdX4DeomTrwaseCHovfpFcqQ=="
    }
  }
}
